// !$*UTF8*$!
{
	archiveVersion = 1;
	classes = {
	};
	objectVersion = 46;
	objects = {

/* Begin PBXBuildFile section */
		C21866661DB49019006D02BE /* FactModel.swift in Sources */ = {isa = PBXBuildFile; fileRef = C21866651DB49019006D02BE /* FactModel.swift */; };
		C28BAC101DB131F3001CCEED /* AppDelegate.swift in Sources */ = {isa = PBXBuildFile; fileRef = C28BAC0F1DB131F3001CCEED /* AppDelegate.swift */; };
		C28BAC121DB131F3001CCEED /* ViewController.swift in Sources */ = {isa = PBXBuildFile; fileRef = C28BAC111DB131F3001CCEED /* ViewController.swift */; };
		C28BAC151DB131F3001CCEED /* Main.storyboard in Resources */ = {isa = PBXBuildFile; fileRef = C28BAC131DB131F3001CCEED /* Main.storyboard */; };
		C28BAC171DB131F3001CCEED /* Assets.xcassets in Resources */ = {isa = PBXBuildFile; fileRef = C28BAC161DB131F3001CCEED /* Assets.xcassets */; };
		C28BAC1A1DB131F3001CCEED /* LaunchScreen.storyboard in Resources */ = {isa = PBXBuildFile; fileRef = C28BAC181DB131F3001CCEED /* LaunchScreen.storyboard */; };
/* End PBXBuildFile section */

/* Begin PBXFileReference section */
		C21866651DB49019006D02BE /* FactModel.swift */ = {isa = PBXFileReference; fileEncoding = 4; lastKnownFileType = sourcecode.swift; path = FactModel.swift; sourceTree = "<group>"; };
		C28BAC0C1DB131F3001CCEED /* FunFacts.app */ = {isa = PBXFileReference; explicitFileType = wrapper.application; includeInIndex = 0; path = FunFacts.app; sourceTree = BUILT_PRODUCTS_DIR; };
		C28BAC0F1DB131F3001CCEED /* AppDelegate.swift */ = {isa = PBXFileReference; lastKnownFileType = sourcecode.swift; path = AppDelegate.swift; sourceTree = "<group>"; };
		C28BAC111DB131F3001CCEED /* ViewController.swift */ = {isa = PBXFileReference; lastKnownFileType = sourcecode.swift; path = ViewController.swift; sourceTree = "<group>"; };
		C28BAC141DB131F3001CCEED /* Base */ = {isa = PBXFileReference; lastKnownFileType = file.storyboard; name = Base; path = Base.lproj/Main.storyboard; sourceTree = "<group>"; };
		C28BAC161DB131F3001CCEED /* Assets.xcassets */ = {isa = PBXFileReference; lastKnownFileType = folder.assetcatalog; path = Assets.xcassets; sourceTree = "<group>"; };
		C28BAC191DB131F3001CCEED /* Base */ = {isa = PBXFileReference; lastKnownFileType = file.storyboard; name = Base; path = Base.lproj/LaunchScreen.storyboard; sourceTree = "<group>"; };
		C28BAC1B1DB131F3001CCEED /* Info.plist */ = {isa = PBXFileReference; lastKnownFileType = text.plist.xml; path = Info.plist; sourceTree = "<group>"; };
/* End PBXFileReference section */

/* Begin PBXFrameworksBuildPhase section */
		C28BAC091DB131F2001CCEED /* Frameworks */ = {
			isa = PBXFrameworksBuildPhase;
			buildActionMask = 2147483647;
			files = (
			);
			runOnlyForDeploymentPostprocessing = 0;
		};
/* End PBXFrameworksBuildPhase section */

/* Begin PBXGroup section */
		C28BAC031DB131F2001CCEED = {
			isa = PBXGroup;
			children = (
				C28BAC0E1DB131F3001CCEED /* FunFacts */,
				C28BAC0D1DB131F3001CCEED /* Products */,
			);
			sourceTree = "<group>";
		};
		C28BAC0D1DB131F3001CCEED /* Products */ = {
			isa = PBXGroup;
			children = (
				C28BAC0C1DB131F3001CCEED /* FunFacts.app */,
			);
			name = Products;
			sourceTree = "<group>";
		};
		C28BAC0E1DB131F3001CCEED /* FunFacts */ = {
			isa = PBXGroup;
			children = (
				C28BAC0F1DB131F3001CCEED /* AppDelegate.swift */,
				C28BAC111DB131F3001CCEED /* ViewController.swift */,
				C28BAC131DB131F3001CCEED /* Main.storyboard */,
				C28BAC161DB131F3001CCEED /* Assets.xcassets */,
				C28BAC181DB131F3001CCEED /* LaunchScreen.storyboard */,
				C28BAC1B1DB131F3001CCEED /* Info.plist */,
				C21866651DB49019006D02BE /* FactModel.swift */,
			);
			path = FunFacts;
			sourceTree = "<group>";
		};
/* End PBXGroup section */

/* Begin PBXNativeTarget section */
		C28BAC0B1DB131F2001CCEED /* FunFacts */ = {
			isa = PBXNativeTarget;
			buildConfigurationList = C28BAC1E1DB131F3001CCEED /* Build configuration list for PBXNativeTarget "FunFacts" */;
			buildPhases = (
				C28BAC081DB131F2001CCEED /* Sources */,
				C28BAC091DB131F2001CCEED /* Frameworks */,
				C28BAC0A1DB131F2001CCEED /* Resources */,
			);
			buildRules = (
			);
			dependencies = (
			);
			name = FunFacts;
			productName = FunFacts;
			productReference = C28BAC0C1DB131F3001CCEED /* FunFacts.app */;
			productType = "com.apple.product-type.application";
		};
/* End PBXNativeTarget section */

/* Begin PBXProject section */
		C28BAC041DB131F2001CCEED /* Project object */ = {
			isa = PBXProject;
			attributes = {
				LastSwiftUpdateCheck = 0800;
				LastUpgradeCheck = 0800;
				ORGANIZATIONNAME = "Manish Giri";
				TargetAttributes = {
					C28BAC0B1DB131F2001CCEED = {
						CreatedOnToolsVersion = 8.0;
						DevelopmentTeam = 5UMQW7SE2Q;
						ProvisioningStyle = Automatic;
					};
				};
			};
			buildConfigurationList = C28BAC071DB131F2001CCEED /* Build configuration list for PBXProject "FunFacts" */;
			compatibilityVersion = "Xcode 3.2";
			developmentRegion = English;
			hasScannedForEncodings = 0;
			knownRegions = (
				en,
				Base,
			);
			mainGroup = C28BAC031DB131F2001CCEED;
			productRefGroup = C28BAC0D1DB131F3001CCEED /* Products */;
			projectDirPath = "";
			projectRoot = "";
			targets = (
				C28BAC0B1DB131F2001CCEED /* FunFacts */,
			);
		};
/* End PBXProject section */

/* Begin PBXResourcesBuildPhase section */
		C28BAC0A1DB131F2001CCEED /* Resources */ = {
			isa = PBXResourcesBuildPhase;
			buildActionMask = 2147483647;
			files = (
				C28BAC1A1DB131F3001CCEED /* LaunchScreen.storyboard in Resources */,
				C28BAC171DB131F3001CCEED /* Assets.xcassets in Resources */,
				C28BAC151DB131F3001CCEED /* Main.storyboard in Resources */,
			);
			runOnlyForDeploymentPostprocessing = 0;
		};
/* End PBXResourcesBuildPhase section */

/* Begin PBXSourcesBuildPhase section */
		C28BAC081DB131F2001CCEED /* Sources */ = {
			isa = PBXSourcesBuildPhase;
			buildActionMask = 2147483647;
			files = (
				C21866661DB49019006D02BE /* FactModel.swift in Sources */,
				C28BAC121DB131F3001CCEED /* ViewController.swift in Sources */,
				C28BAC101DB131F3001CCEED /* AppDelegate.swift in Sources */,
			);
			runOnlyForDeploymentPostprocessing = 0;
		};
/* End PBXSourcesBuildPhase section */

/* Begin PBXVariantGroup section */
		C28BAC131DB131F3001CCEED /* Main.storyboard */ = {
			isa = PBXVariantGroup;
			children = (
				C28BAC141DB131F3001CCEED /* Base */,
			);
			name = Main.storyboard;
			sourceTree = "<group>";
		};
		C28BAC181DB131F3001CCEED /* LaunchScreen.storyboard */ = {
			isa = PBXVariantGroup;
			children = (
				C28BAC191DB131F3001CCEED /* Base */,
			);
			name = LaunchScreen.storyboard;
			sourceTree = "<group>";
		};
/* End PBXVariantGroup section */

/* Begin XCBuildConfiguration section */
		C28BAC1C1DB131F3001CCEED /* Debug */ = {
			isa = XCBuildConfiguration;
			buildSettings = {
				ALWAYS_SEARCH_USER_PATHS = NO;
				CLANG_ANALYZER_NONNULL = YES;
				CLANG_CXX_LANGUAGE_STANDARD = "gnu++0x";
				CLANG_CXX_LIBRARY = "libc++";
				CLANG_ENABLE_MODULES = YES;
				CLANG_ENABLE_OBJC_ARC = YES;
				CLANG_WARN_BOOL_CONVERSION = YES;
				CLANG_WARN_CONSTANT_CONVERSION = YES;
				CLANG_WARN_DIRECT_OBJC_ISA_USAGE = YES_ERROR;
				CLANG_WARN_DOCUMENTATION_COMMENTS = YES;
				CLANG_WARN_EMPTY_BODY = YES;
				CLANG_WARN_ENUM_CONVERSION = YES;
				CLANG_WARN_INFINITE_RECURSION = YES;
				CLANG_WARN_INT_CONVERSION = YES;
				CLANG_WARN_OBJC_ROOT_CLASS = YES_ERROR;
				CLANG_WARN_SUSPICIOUS_MOVES = YES;
				CLANG_WARN_UNREACHABLE_CODE = YES;
				CLANG_WARN__DUPLICATE_METHOD_MATCH = YES;
				"CODE_SIGN_IDENTITY[sdk=iphoneos*]" = "iPhone Developer";
				COPY_PHASE_STRIP = NO;
				DEBUG_INFORMATION_FORMAT = dwarf;
				ENABLE_STRICT_OBJC_MSGSEND = YES;
				ENABLE_TESTABILITY = YES;
				GCC_C_LANGUAGE_STANDARD = gnu99;
				GCC_DYNAMIC_NO_PIC = NO;
				GCC_NO_COMMON_BLOCKS = YES;
				GCC_OPTIMIZATION_LEVEL = 0;
				GCC_PREPROCESSOR_DEFINITIONS = (
					"DEBUG=1",
					"$(inherited)",
				);
				GCC_WARN_64_TO_32_BIT_CONVERSION = YES;
				GCC_WARN_ABOUT_RETURN_TYPE = YES_ERROR;
				GCC_WARN_UNDECLARED_SELECTOR = YES;
				GCC_WARN_UNINITIALIZED_AUTOS = YES_AGGRESSIVE;
				GCC_WARN_UNUSED_FUNCTION = YES;
				GCC_WARN_UNUSED_VARIABLE = YES;
				IPHONEOS_DEPLOYMENT_TARGET = 10.0;
				MTL_ENABLE_DEBUG_INFO = YES;
				ONLY_ACTIVE_ARCH = YES;
				SDKROOT = iphoneos;
				SWIFT_ACTIVE_COMPILATION_CONDITIONS = DEBUG;
				SWIFT_OPTIMIZATION_LEVEL = "-Onone";
			};
			name = Debug;
		};
		C28BAC1D1DB131F3001CCEED /* Release */ = {
			isa = XCBuildConfiguration;
			buildSettings = {
				ALWAYS_SEARCH_USER_PATHS = NO;
				CLANG_ANALYZER_NONNULL = YES;
				CLANG_CXX_LANGUAGE_STANDARD = "gnu++0x";
				CLANG_CXX_LIBRARY = "libc++";
				CLANG_ENABLE_MODULES = YES;
				CLANG_ENABLE_OBJC_ARC = YES;
				CLANG_WARN_BOOL_CONVERSION = YES;
				CLANG_WARN_CONSTANT_CONVERSION = YES;
				CLANG_WARN_DIRECT_OBJC_ISA_USAGE = YES_ERROR;
				CLANG_WARN_DOCUMENTATION_COMMENTS = YES;
				CLANG_WARN_EMPTY_BODY = YES;
				CLANG_WARN_ENUM_CONVERSION = YES;
				CLANG_WARN_INFINITE_RECURSION = YES;
				CLANG_WARN_INT_CONVERSION = YES;
				CLANG_WARN_OBJC_ROOT_CLASS = YES_ERROR;
				CLANG_WARN_SUSPICIOUS_MOVES = YES;
				CLANG_WARN_UNREACHABLE_CODE = YES;
				CLANG_WARN__DUPLICATE_METHOD_MATCH = YES;
				"CODE_SIGN_IDENTITY[sdk=iphoneos*]" = "iPhone Developer";
				COPY_PHASE_STRIP = NO;
				DEBUG_INFORMATION_FORMAT = "dwarf-with-dsym";
				ENABLE_NS_ASSERTIONS = NO;
				ENABLE_STRICT_OBJC_MSGSEND = YES;
				GCC_C_LANGUAGE_STANDARD = gnu99;
				GCC_NO_COMMON_BLOCKS = YES;
				GCC_WARN_64_TO_32_BIT_CONVERSION = YES;
				GCC_WARN_ABOUT_RETURN_TYPE = YES_ERROR;
				GCC_WARN_UNDECLARED_SELECTOR = YES;
				GCC_WARN_UNINITIALIZED_AUTOS = YES_AGGRESSIVE;
				GCC_WARN_UNUSED_FUNCTION = YES;
				GCC_WARN_UNUSED_VARIABLE = YES;
				IPHONEOS_DEPLOYMENT_TARGET = 10.0;
				MTL_ENABLE_DEBUG_INFO = NO;
				SDKROOT = iphoneos;
				SWIFT_OPTIMIZATION_LEVEL = "-Owholemodule";
				VALIDATE_PRODUCT = YES;
			};
			name = Release;
		};
		C28BAC1F1DB131F3001CCEED /* Debug */ = {
			isa = XCBuildConfiguration;
			buildSettings = {
				ASSETCATALOG_COMPILER_APPICON_NAME = AppIcon;
				DEVELOPMENT_TEAM = 5UMQW7SE2Q;
				INFOPLIST_FILE = FunFacts/Info.plist;
				IPHONEOS_DEPLOYMENT_TARGET = 9.3;
				LD_RUNPATH_SEARCH_PATHS = "$(inherited) @executable_path/Frameworks";
				PRODUCT_BUNDLE_IDENTIFIER = net.manishgiri.FunFacts;
				PRODUCT_NAME = "$(TARGET_NAME)";
				SWIFT_VERSION = 3.0;
			};
			name = Debug;
		};
		C28BAC201DB131F3001CCEED /* Release */ = {
			isa = XCBuildConfiguration;
			buildSettings = {
				ASSETCATALOG_COMPILER_APPICON_NAME = AppIcon;
				DEVELOPMENT_TEAM = 5UMQW7SE2Q;
				INFOPLIST_FILE = FunFacts/Info.plist;
				IPHONEOS_DEPLOYMENT_TARGET = 9.3;
				LD_RUNPATH_SEARCH_PATHS = "$(inherited) @executable_path/Frameworks";
				PRODUCT_BUNDLE_IDENTIFIER = net.manishgiri.FunFacts;
				PRODUCT_NAME = "$(TARGET_NAME)";
				SWIFT_VERSION = 3.0;
			};
			name = Release;
		};
/* End XCBuildConfiguration section */

/* Begin XCConfigurationList section */
		C28BAC071DB131F2001CCEED /* Build configuration list for PBXProject "FunFacts" */ = {
			isa = XCConfigurationList;
			buildConfigurations = (
				C28BAC1C1DB131F3001CCEED /* Debug */,
				C28BAC1D1DB131F3001CCEED /* Release */,
			);
			defaultConfigurationIsVisible = 0;
			defaultConfigurationName = Release;
		};
		C28BAC1E1DB131F3001CCEED /* Build configuration list for PBXNativeTarget "FunFacts" */ = {
			isa = XCConfigurationList;
			buildConfigurations = (
				C28BAC1F1DB131F3001CCEED /* Debug */,
				C28BAC201DB131F3001CCEED /* Release */,
			);
			defaultConfigurationIsVisible = 0;
			defaultConfigurationName = Release;
		};
/* End XCConfigurationList section */
	};
	rootObject = C28BAC041DB131F2001CCEED /* Project object */;
}
